
Microsoft Visual Studio Solution File, Format Version 10.00
# Visual Studio 2008
Project("{002A2DE9-8BB6-484D-9802-7E4AD4084715}") = "calc", "calculator.visualdproj", "{C54D714B-E3B9-42B6-A41D-D3BEA75EDCAA}"
EndProject
Global
	GlobalSection(SolutionConfigurationPlatforms) = preSolution
		Debug|Win32 = Debug|Win32
		Release|Win32 = Release|Win32
	EndGlobalSection
	GlobalSection(ProjectConfigurationPlatforms) = postSolution
		{C54D714B-E3B9-42B6-A41D-D3BEA75EDCAA}.Debug|Win32.ActiveCfg = Debug|Win32
		{C54D714B-E3B9-42B6-A41D-D3BEA75EDCAA}.Debug|Win32.Build.0 = Debug|Win32
		{C54D714B-E3B9-42B6-A41D-D3BEA75EDCAA}.Release|Win32.ActiveCfg = Release|Win32
		{C54D714B-E3B9-42B6-A41D-D3BEA75EDCAA}.Release|Win32.Build.0 = Release|Win32
	EndGlobalSection
	GlobalSection(SolutionProperties) = preSolution
		HideSolutionNode = FALSE
	EndGlobalSection
EndGlobal
